// !$*UTF8*$!
{
	archiveVersion = 1;
	classes = {
	};
	objectVersion = 46;
	objects = {

/* Begin PBXBuildFile section */
		F24F0243195150E1004962B1 /* Foundation.framework in Frameworks */ = {isa = PBXBuildFile; fileRef = F24F0242195150E1004962B1 /* Foundation.framework */; };
		F24F0245195150E1004962B1 /* CoreGraphics.framework in Frameworks */ = {isa = PBXBuildFile; fileRef = F24F0244195150E1004962B1 /* CoreGraphics.framework */; };
		F24F0247195150E1004962B1 /* UIKit.framework in Frameworks */ = {isa = PBXBuildFile; fileRef = F24F0246195150E1004962B1 /* UIKit.framework */; };
		F24F024D195150E1004962B1 /* InfoPlist.strings in Resources */ = {isa = PBXBuildFile; fileRef = F24F024B195150E1004962B1 /* InfoPlist.strings */; };
		F24F024F195150E1004962B1 /* main.m in Sources */ = {isa = PBXBuildFile; fileRef = F24F024E195150E1004962B1 /* main.m */; };
		F24F0253195150E1004962B1 /* AppDelegate.m in Sources */ = {isa = PBXBuildFile; fileRef = F24F0252195150E1004962B1 /* AppDelegate.m */; };
		F24F0256195150E1004962B1 /* Main_iPhone.storyboard in Resources */ = {isa = PBXBuildFile; fileRef = F24F0254195150E1004962B1 /* Main_iPhone.storyboard */; };
		F24F025C195150E1004962B1 /* ViewController.m in Sources */ = {isa = PBXBuildFile; fileRef = F24F025B195150E1004962B1 /* ViewController.m */; };
		F24F025E195150E1004962B1 /* Images.xcassets in Resources */ = {isa = PBXBuildFile; fileRef = F24F025D195150E1004962B1 /* Images.xcassets */; };
		F24F0265195150E1004962B1 /* XCTest.framework in Frameworks */ = {isa = PBXBuildFile; fileRef = F24F0264195150E1004962B1 /* XCTest.framework */; };
		F24F0266195150E1004962B1 /* Foundation.framework in Frameworks */ = {isa = PBXBuildFile; fileRef = F24F0242195150E1004962B1 /* Foundation.framework */; };
		F24F0267195150E1004962B1 /* UIKit.framework in Frameworks */ = {isa = PBXBuildFile; fileRef = F24F0246195150E1004962B1 /* UIKit.framework */; };
		F24F026F195150E1004962B1 /* InfoPlist.strings in Resources */ = {isa = PBXBuildFile; fileRef = F24F026D195150E1004962B1 /* InfoPlist.strings */; };
		F24F0271195150E1004962B1 /* DealMakerTests.m in Sources */ = {isa = PBXBuildFile; fileRef = F24F0270195150E1004962B1 /* DealMakerTests.m */; };
		F24F0288195160C6004962B1 /* DragonViewController.m in Sources */ = {isa = PBXBuildFile; fileRef = F24F0287195160C6004962B1 /* DragonViewController.m */; };
		F29FC0F0195FB709008113E3 /* UsernamePrompt.m in Sources */ = {isa = PBXBuildFile; fileRef = F29FC0EF195FB709008113E3 /* UsernamePrompt.m */; };
/* End PBXBuildFile section */

/* Begin PBXContainerItemProxy section */
		F24F0268195150E1004962B1 /* PBXContainerItemProxy */ = {
			isa = PBXContainerItemProxy;
			containerPortal = F24F0237195150E0004962B1 /* Project object */;
			proxyType = 1;
			remoteGlobalIDString = F24F023E195150E1004962B1;
			remoteInfo = DealMaker;
		};
/* End PBXContainerItemProxy section */

/* Begin PBXFileReference section */
		F24F023F195150E1004962B1 /* DealMaker.app */ = {isa = PBXFileReference; explicitFileType = wrapper.application; includeInIndex = 0; path = DealMaker.app; sourceTree = BUILT_PRODUCTS_DIR; };
		F24F0242195150E1004962B1 /* Foundation.framework */ = {isa = PBXFileReference; lastKnownFileType = wrapper.framework; name = Foundation.framework; path = System/Library/Frameworks/Foundation.framework; sourceTree = SDKROOT; };
		F24F0244195150E1004962B1 /* CoreGraphics.framework */ = {isa = PBXFileReference; lastKnownFileType = wrapper.framework; name = CoreGraphics.framework; path = System/Library/Frameworks/CoreGraphics.framework; sourceTree = SDKROOT; };
		F24F0246195150E1004962B1 /* UIKit.framework */ = {isa = PBXFileReference; lastKnownFileType = wrapper.framework; name = UIKit.framework; path = System/Library/Frameworks/UIKit.framework; sourceTree = SDKROOT; };
		F24F024A195150E1004962B1 /* DealMaker-Info.plist */ = {isa = PBXFileReference; lastKnownFileType = text.plist.xml; path = "DealMaker-Info.plist"; sourceTree = "<group>"; };
		F24F024C195150E1004962B1 /* en */ = {isa = PBXFileReference; lastKnownFileType = text.plist.strings; name = en; path = en.lproj/InfoPlist.strings; sourceTree = "<group>"; };
		F24F024E195150E1004962B1 /* main.m */ = {isa = PBXFileReference; lastKnownFileType = sourcecode.c.objc; path = main.m; sourceTree = "<group>"; };
		F24F0250195150E1004962B1 /* DealMaker-Prefix.pch */ = {isa = PBXFileReference; lastKnownFileType = sourcecode.c.h; path = "DealMaker-Prefix.pch"; sourceTree = "<group>"; };
		F24F0251195150E1004962B1 /* AppDelegate.h */ = {isa = PBXFileReference; lastKnownFileType = sourcecode.c.h; path = AppDelegate.h; sourceTree = "<group>"; };
		F24F0252195150E1004962B1 /* AppDelegate.m */ = {isa = PBXFileReference; lastKnownFileType = sourcecode.c.objc; path = AppDelegate.m; sourceTree = "<group>"; };
		F24F0255195150E1004962B1 /* Base */ = {isa = PBXFileReference; lastKnownFileType = file.storyboard; name = Base; path = Base.lproj/Main_iPhone.storyboard; sourceTree = "<group>"; };
		F24F025A195150E1004962B1 /* ViewController.h */ = {isa = PBXFileReference; lastKnownFileType = sourcecode.c.h; path = ViewController.h; sourceTree = "<group>"; };
		F24F025B195150E1004962B1 /* ViewController.m */ = {isa = PBXFileReference; lastKnownFileType = sourcecode.c.objc; path = ViewController.m; sourceTree = "<group>"; };
		F24F025D195150E1004962B1 /* Images.xcassets */ = {isa = PBXFileReference; lastKnownFileType = folder.assetcatalog; path = Images.xcassets; sourceTree = "<group>"; };
		F24F0263195150E1004962B1 /* DealMakerTests.xctest */ = {isa = PBXFileReference; explicitFileType = wrapper.cfbundle; includeInIndex = 0; path = DealMakerTests.xctest; sourceTree = BUILT_PRODUCTS_DIR; };
		F24F0264195150E1004962B1 /* XCTest.framework */ = {isa = PBXFileReference; lastKnownFileType = wrapper.framework; name = XCTest.framework; path = Library/Frameworks/XCTest.framework; sourceTree = DEVELOPER_DIR; };
		F24F026C195150E1004962B1 /* DealMakerTests-Info.plist */ = {isa = PBXFileReference; lastKnownFileType = text.plist.xml; path = "DealMakerTests-Info.plist"; sourceTree = "<group>"; };
		F24F026E195150E1004962B1 /* en */ = {isa = PBXFileReference; lastKnownFileType = text.plist.strings; name = en; path = en.lproj/InfoPlist.strings; sourceTree = "<group>"; };
		F24F0270195150E1004962B1 /* DealMakerTests.m */ = {isa = PBXFileReference; lastKnownFileType = sourcecode.c.objc; path = DealMakerTests.m; sourceTree = "<group>"; };
		F24F0286195160C6004962B1 /* DragonViewController.h */ = {isa = PBXFileReference; fileEncoding = 4; lastKnownFileType = sourcecode.c.h; path = DragonViewController.h; sourceTree = "<group>"; };
		F24F0287195160C6004962B1 /* DragonViewController.m */ = {isa = PBXFileReference; fileEncoding = 4; lastKnownFileType = sourcecode.c.objc; path = DragonViewController.m; sourceTree = "<group>"; };
		F29FC0EE195FB709008113E3 /* UsernamePrompt.h */ = {isa = PBXFileReference; fileEncoding = 4; lastKnownFileType = sourcecode.c.h; path = UsernamePrompt.h; sourceTree = "<group>"; };
		F29FC0EF195FB709008113E3 /* UsernamePrompt.m */ = {isa = PBXFileReference; fileEncoding = 4; lastKnownFileType = sourcecode.c.objc; path = UsernamePrompt.m; sourceTree = "<group>"; };
/* End PBXFileReference section */

/* Begin PBXFrameworksBuildPhase section */
		F24F023C195150E1004962B1 /* Frameworks */ = {
			isa = PBXFrameworksBuildPhase;
			buildActionMask = 2147483647;
			files = (
				F24F0245195150E1004962B1 /* CoreGraphics.framework in Frameworks */,
				F24F0247195150E1004962B1 /* UIKit.framework in Frameworks */,
				F24F0243195150E1004962B1 /* Foundation.framework in Frameworks */,
			);
			runOnlyForDeploymentPostprocessing = 0;
		};
		F24F0260195150E1004962B1 /* Frameworks */ = {
			isa = PBXFrameworksBuildPhase;
			buildActionMask = 2147483647;
			files = (
				F24F0265195150E1004962B1 /* XCTest.framework in Frameworks */,
				F24F0267195150E1004962B1 /* UIKit.framework in Frameworks */,
				F24F0266195150E1004962B1 /* Foundation.framework in Frameworks */,
			);
			runOnlyForDeploymentPostprocessing = 0;
		};
/* End PBXFrameworksBuildPhase section */

/* Begin PBXGroup section */
		F24F0236195150E0004962B1 = {
			isa = PBXGroup;
			children = (
				F24F0248195150E1004962B1 /* DealMaker */,
				F24F026A195150E1004962B1 /* DealMakerTests */,
				F24F0241195150E1004962B1 /* Frameworks */,
				F24F0240195150E1004962B1 /* Products */,
			);
			sourceTree = "<group>";
		};
		F24F0240195150E1004962B1 /* Products */ = {
			isa = PBXGroup;
			children = (
				F24F023F195150E1004962B1 /* DealMaker.app */,
				F24F0263195150E1004962B1 /* DealMakerTests.xctest */,
			);
			name = Products;
			sourceTree = "<group>";
		};
		F24F0241195150E1004962B1 /* Frameworks */ = {
			isa = PBXGroup;
			children = (
				F24F0242195150E1004962B1 /* Foundation.framework */,
				F24F0244195150E1004962B1 /* CoreGraphics.framework */,
				F24F0246195150E1004962B1 /* UIKit.framework */,
				F24F0264195150E1004962B1 /* XCTest.framework */,
			);
			name = Frameworks;
			sourceTree = "<group>";
		};
		F24F0248195150E1004962B1 /* DealMaker */ = {
			isa = PBXGroup;
			children = (
				F24F0251195150E1004962B1 /* AppDelegate.h */,
				F24F0252195150E1004962B1 /* AppDelegate.m */,
				F24F0254195150E1004962B1 /* Main_iPhone.storyboard */,
				F24F025A195150E1004962B1 /* ViewController.h */,
				F24F025B195150E1004962B1 /* ViewController.m */,
				F24F0286195160C6004962B1 /* DragonViewController.h */,
				F24F0287195160C6004962B1 /* DragonViewController.m */,
				F29FC0EE195FB709008113E3 /* UsernamePrompt.h */,
				F29FC0EF195FB709008113E3 /* UsernamePrompt.m */,
				F24F025D195150E1004962B1 /* Images.xcassets */,
				F24F0249195150E1004962B1 /* Supporting Files */,
			);
			path = DealMaker;
			sourceTree = "<group>";
		};
		F24F0249195150E1004962B1 /* Supporting Files */ = {
			isa = PBXGroup;
			children = (
				F24F024A195150E1004962B1 /* DealMaker-Info.plist */,
				F24F024B195150E1004962B1 /* InfoPlist.strings */,
				F24F024E195150E1004962B1 /* main.m */,
				F24F0250195150E1004962B1 /* DealMaker-Prefix.pch */,
			);
			name = "Supporting Files";
			sourceTree = "<group>";
		};
		F24F026A195150E1004962B1 /* DealMakerTests */ = {
			isa = PBXGroup;
			children = (
				F24F0270195150E1004962B1 /* DealMakerTests.m */,
				F24F026B195150E1004962B1 /* Supporting Files */,
			);
			path = DealMakerTests;
			sourceTree = "<group>";
		};
		F24F026B195150E1004962B1 /* Supporting Files */ = {
			isa = PBXGroup;
			children = (
				F24F026C195150E1004962B1 /* DealMakerTests-Info.plist */,
				F24F026D195150E1004962B1 /* InfoPlist.strings */,
			);
			name = "Supporting Files";
			sourceTree = "<group>";
		};
/* End PBXGroup section */

/* Begin PBXNativeTarget section */
		F24F023E195150E1004962B1 /* DealMaker */ = {
			isa = PBXNativeTarget;
			buildConfigurationList = F24F0274195150E1004962B1 /* Build configuration list for PBXNativeTarget "DealMaker" */;
			buildPhases = (
				F24F023B195150E1004962B1 /* Sources */,
				F24F023C195150E1004962B1 /* Frameworks */,
				F24F023D195150E1004962B1 /* Resources */,
			);
			buildRules = (
			);
			dependencies = (
			);
			name = DealMaker;
			productName = DealMaker;
			productReference = F24F023F195150E1004962B1 /* DealMaker.app */;
			productType = "com.apple.product-type.application";
		};
		F24F0262195150E1004962B1 /* DealMakerTests */ = {
			isa = PBXNativeTarget;
			buildConfigurationList = F24F0277195150E1004962B1 /* Build configuration list for PBXNativeTarget "DealMakerTests" */;
			buildPhases = (
				F24F025F195150E1004962B1 /* Sources */,
				F24F0260195150E1004962B1 /* Frameworks */,
				F24F0261195150E1004962B1 /* Resources */,
			);
			buildRules = (
			);
			dependencies = (
				F24F0269195150E1004962B1 /* PBXTargetDependency */,
			);
			name = DealMakerTests;
			productName = DealMakerTests;
			productReference = F24F0263195150E1004962B1 /* DealMakerTests.xctest */;
			productType = "com.apple.product-type.bundle.unit-test";
		};
/* End PBXNativeTarget section */

/* Begin PBXProject section */
		F24F0237195150E0004962B1 /* Project object */ = {
			isa = PBXProject;
			attributes = {
				LastUpgradeCheck = 0510;
				ORGANIZATIONNAME = Oscicoil;
				TargetAttributes = {
					F24F0262195150E1004962B1 = {
						TestTargetID = F24F023E195150E1004962B1;
					};
				};
			};
			buildConfigurationList = F24F023A195150E0004962B1 /* Build configuration list for PBXProject "DealMaker" */;
			compatibilityVersion = "Xcode 3.2";
			developmentRegion = English;
			hasScannedForEncodings = 0;
			knownRegions = (
				en,
				Base,
			);
			mainGroup = F24F0236195150E0004962B1;
			productRefGroup = F24F0240195150E1004962B1 /* Products */;
			projectDirPath = "";
			projectRoot = "";
			targets = (
				F24F023E195150E1004962B1 /* DealMaker */,
				F24F0262195150E1004962B1 /* DealMakerTests */,
			);
		};
/* End PBXProject section */

/* Begin PBXResourcesBuildPhase section */
		F24F023D195150E1004962B1 /* Resources */ = {
			isa = PBXResourcesBuildPhase;
			buildActionMask = 2147483647;
			files = (
				F24F025E195150E1004962B1 /* Images.xcassets in Resources */,
				F24F0256195150E1004962B1 /* Main_iPhone.storyboard in Resources */,
				F24F024D195150E1004962B1 /* InfoPlist.strings in Resources */,
			);
			runOnlyForDeploymentPostprocessing = 0;
		};
		F24F0261195150E1004962B1 /* Resources */ = {
			isa = PBXResourcesBuildPhase;
			buildActionMask = 2147483647;
			files = (
				F24F026F195150E1004962B1 /* InfoPlist.strings in Resources */,
			);
			runOnlyForDeploymentPostprocessing = 0;
		};
/* End PBXResourcesBuildPhase section */

/* Begin PBXSourcesBuildPhase section */
		F24F023B195150E1004962B1 /* Sources */ = {
			isa = PBXSourcesBuildPhase;
			buildActionMask = 2147483647;
			files = (
				F29FC0F0195FB709008113E3 /* UsernamePrompt.m in Sources */,
				F24F025C195150E1004962B1 /* ViewController.m in Sources */,
				F24F0253195150E1004962B1 /* AppDelegate.m in Sources */,
				F24F024F195150E1004962B1 /* main.m in Sources */,
				F24F0288195160C6004962B1 /* DragonViewController.m in Sources */,
			);
			runOnlyForDeploymentPostprocessing = 0;
		};
		F24F025F195150E1004962B1 /* Sources */ = {
			isa = PBXSourcesBuildPhase;
			buildActionMask = 2147483647;
			files = (
				F24F0271195150E1004962B1 /* DealMakerTests.m in Sources */,
			);
			runOnlyForDeploymentPostprocessing = 0;
		};
/* End PBXSourcesBuildPhase section */

/* Begin PBXTargetDependency section */
		F24F0269195150E1004962B1 /* PBXTargetDependency */ = {
			isa = PBXTargetDependency;
			target = F24F023E195150E1004962B1 /* DealMaker */;
			targetProxy = F24F0268195150E1004962B1 /* PBXContainerItemProxy */;
		};
/* End PBXTargetDependency section */

/* Begin PBXVariantGroup section */
		F24F024B195150E1004962B1 /* InfoPlist.strings */ = {
			isa = PBXVariantGroup;
			children = (
				F24F024C195150E1004962B1 /* en */,
			);
			name = InfoPlist.strings;
			sourceTree = "<group>";
		};
		F24F0254195150E1004962B1 /* Main_iPhone.storyboard */ = {
			isa = PBXVariantGroup;
			children = (
				F24F0255195150E1004962B1 /* Base */,
			);
			name = Main_iPhone.storyboard;
			sourceTree = "<group>";
		};
		F24F026D195150E1004962B1 /* InfoPlist.strings */ = {
			isa = PBXVariantGroup;
			children = (
				F24F026E195150E1004962B1 /* en */,
			);
			name = InfoPlist.strings;
			sourceTree = "<group>";
		};
/* End PBXVariantGroup section */

/* Begin XCBuildConfiguration section */
		F24F0272195150E1004962B1 /* Debug */ = {
			isa = XCBuildConfiguration;
			buildSettings = {
				ALWAYS_SEARCH_USER_PATHS = NO;
				CLANG_CXX_LANGUAGE_STANDARD = "gnu++0x";
				CLANG_CXX_LIBRARY = "libc++";
				CLANG_ENABLE_MODULES = YES;
				CLANG_ENABLE_OBJC_ARC = YES;
				CLANG_WARN_BOOL_CONVERSION = YES;
				CLANG_WARN_CONSTANT_CONVERSION = YES;
				CLANG_WARN_DIRECT_OBJC_ISA_USAGE = YES_ERROR;
				CLANG_WARN_EMPTY_BODY = YES;
				CLANG_WARN_ENUM_CONVERSION = YES;
				CLANG_WARN_INT_CONVERSION = YES;
				CLANG_WARN_OBJC_ROOT_CLASS = YES_ERROR;
				CLANG_WARN__DUPLICATE_METHOD_MATCH = YES;
				"CODE_SIGN_IDENTITY[sdk=iphoneos*]" = "iPhone Developer";
				COPY_PHASE_STRIP = NO;
				GCC_C_LANGUAGE_STANDARD = gnu99;
				GCC_DYNAMIC_NO_PIC = NO;
				GCC_OPTIMIZATION_LEVEL = 0;
				GCC_PREPROCESSOR_DEFINITIONS = (
					"DEBUG=1",
					"$(inherited)",
				);
				GCC_SYMBOLS_PRIVATE_EXTERN = NO;
				GCC_WARN_64_TO_32_BIT_CONVERSION = YES;
				GCC_WARN_ABOUT_RETURN_TYPE = YES_ERROR;
				GCC_WARN_UNDECLARED_SELECTOR = YES;
				GCC_WARN_UNINITIALIZED_AUTOS = YES_AGGRESSIVE;
				GCC_WARN_UNUSED_FUNCTION = YES;
				GCC_WARN_UNUSED_VARIABLE = YES;
				IPHONEOS_DEPLOYMENT_TARGET = 7.1;
				ONLY_ACTIVE_ARCH = YES;
				SDKROOT = iphoneos;
				TARGETED_DEVICE_FAMILY = "1,2";
			};
			name = Debug;
		};
		F24F0273195150E1004962B1 /* Release */ = {
			isa = XCBuildConfiguration;
			buildSettings = {
				ALWAYS_SEARCH_USER_PATHS = NO;
				CLANG_CXX_LANGUAGE_STANDARD = "gnu++0x";
				CLANG_CXX_LIBRARY = "libc++";
				CLANG_ENABLE_MODULES = YES;
				CLANG_ENABLE_OBJC_ARC = YES;
				CLANG_WARN_BOOL_CONVERSION = YES;
				CLANG_WARN_CONSTANT_CONVERSION = YES;
				CLANG_WARN_DIRECT_OBJC_ISA_USAGE = YES_ERROR;
				CLANG_WARN_EMPTY_BODY = YES;
				CLANG_WARN_ENUM_CONVERSION = YES;
				CLANG_WARN_INT_CONVERSION = YES;
				CLANG_WARN_OBJC_ROOT_CLASS = YES_ERROR;
				CLANG_WARN__DUPLICATE_METHOD_MATCH = YES;
				"CODE_SIGN_IDENTITY[sdk=iphoneos*]" = "iPhone Developer";
				COPY_PHASE_STRIP = YES;
				ENABLE_NS_ASSERTIONS = NO;
				GCC_C_LANGUAGE_STANDARD = gnu99;
				GCC_WARN_64_TO_32_BIT_CONVERSION = YES;
				GCC_WARN_ABOUT_RETURN_TYPE = YES_ERROR;
				GCC_WARN_UNDECLARED_SELECTOR = YES;
				GCC_WARN_UNINITIALIZED_AUTOS = YES_AGGRESSIVE;
				GCC_WARN_UNUSED_FUNCTION = YES;
				GCC_WARN_UNUSED_VARIABLE = YES;
				IPHONEOS_DEPLOYMENT_TARGET = 7.1;
				SDKROOT = iphoneos;
				TARGETED_DEVICE_FAMILY = "1,2";
				VALIDATE_PRODUCT = YES;
			};
			name = Release;
		};
		F24F0275195150E1004962B1 /* Debug */ = {
			isa = XCBuildConfiguration;
			buildSettings = {
				ASSETCATALOG_COMPILER_APPICON_NAME = AppIcon;
				ASSETCATALOG_COMPILER_LAUNCHIMAGE_NAME = LaunchImage;
				GCC_PRECOMPILE_PREFIX_HEADER = YES;
				GCC_PREFIX_HEADER = "DealMaker/DealMaker-Prefix.pch";
				INFOPLIST_FILE = "DealMaker/DealMaker-Info.plist";
				PRODUCT_NAME = "$(TARGET_NAME)";
				TARGETED_DEVICE_FAMILY = 1;
				WRAPPER_EXTENSION = app;
			};
			name = Debug;
		};
		F24F0276195150E1004962B1 /* Release */ = {
			isa = XCBuildConfiguration;
			buildSettings = {
				ASSETCATALOG_COMPILER_APPICON_NAME = AppIcon;
				ASSETCATALOG_COMPILER_LAUNCHIMAGE_NAME = LaunchImage;
				GCC_PRECOMPILE_PREFIX_HEADER = YES;
				GCC_PREFIX_HEADER = "DealMaker/DealMaker-Prefix.pch";
				INFOPLIST_FILE = "DealMaker/DealMaker-Info.plist";
				PRODUCT_NAME = "$(TARGET_NAME)";
				TARGETED_DEVICE_FAMILY = 1;
				WRAPPER_EXTENSION = app;
			};
			name = Release;
		};
		F24F0278195150E1004962B1 /* Debug */ = {
			isa = XCBuildConfiguration;
			buildSettings = {
				BUNDLE_LOADER = "$(BUILT_PRODUCTS_DIR)/DealMaker.app/DealMaker";
				FRAMEWORK_SEARCH_PATHS = (
					"$(SDKROOT)/Developer/Library/Frameworks",
					"$(inherited)",
					"$(DEVELOPER_FRAMEWORKS_DIR)",
				);
				GCC_PRECOMPILE_PREFIX_HEADER = YES;
				GCC_PREFIX_HEADER = "DealMaker/DealMaker-Prefix.pch";
				GCC_PREPROCESSOR_DEFINITIONS = (
					"DEBUG=1",
					"$(inherited)",
				);
				INFOPLIST_FILE = "DealMakerTests/DealMakerTests-Info.plist";
				PRODUCT_NAME = "$(TARGET_NAME)";
				TEST_HOST = "$(BUNDLE_LOADER)";
				WRAPPER_EXTENSION = xctest;
			};
			name = Debug;
		};
		F24F0279195150E1004962B1 /* Release */ = {
			isa = XCBuildConfiguration;
			buildSettings = {
				BUNDLE_LOADER = "$(BUILT_PRODUCTS_DIR)/DealMaker.app/DealMaker";
				FRAMEWORK_SEARCH_PATHS = (
					"$(SDKROOT)/Developer/Library/Frameworks",
					"$(inherited)",
					"$(DEVELOPER_FRAMEWORKS_DIR)",
				);
				GCC_PRECOMPILE_PREFIX_HEADER = YES;
				GCC_PREFIX_HEADER = "DealMaker/DealMaker-Prefix.pch";
				INFOPLIST_FILE = "DealMakerTests/DealMakerTests-Info.plist";
				PRODUCT_NAME = "$(TARGET_NAME)";
				TEST_HOST = "$(BUNDLE_LOADER)";
				WRAPPER_EXTENSION = xctest;
			};
			name = Release;
		};
/* End XCBuildConfiguration section */

/* Begin XCConfigurationList section */
		F24F023A195150E0004962B1 /* Build configuration list for PBXProject "DealMaker" */ = {
			isa = XCConfigurationList;
			buildConfigurations = (
				F24F0272195150E1004962B1 /* Debug */,
				F24F0273195150E1004962B1 /* Release */,
			);
			defaultConfigurationIsVisible = 0;
			defaultConfigurationName = Release;
		};
		F24F0274195150E1004962B1 /* Build configuration list for PBXNativeTarget "DealMaker" */ = {
			isa = XCConfigurationList;
			buildConfigurations = (
				F24F0275195150E1004962B1 /* Debug */,
				F24F0276195150E1004962B1 /* Release */,
			);
			defaultConfigurationIsVisible = 0;
			defaultConfigurationName = Release;
		};
		F24F0277195150E1004962B1 /* Build configuration list for PBXNativeTarget "DealMakerTests" */ = {
			isa = XCConfigurationList;
			buildConfigurations = (
				F24F0278195150E1004962B1 /* Debug */,
				F24F0279195150E1004962B1 /* Release */,
			);
			defaultConfigurationIsVisible = 0;
			defaultConfigurationName = Release;
		};
/* End XCConfigurationList section */
	};
	rootObject = F24F0237195150E0004962B1 /* Project object */;
}
